
Microsoft Visual Studio Solution File, Format Version 12.00
# Visual Studio 15
VisualStudioVersion = 15.0.27004.2002
MinimumVisualStudioVersion = 10.0.40219.1
Project("{9A19103F-16F7-4668-BE54-9A1E7A4F7556}") = "Todo", "Todo\Todo.csproj", "{62C7AA93-C368-449E-B303-7421E7C54595}"
EndProject
Global
	GlobalSection(SolutionConfigurationPlatforms) = preSolution
		Debug|Any CPU = Debug|Any CPU
		Release|Any CPU = Release|Any CPU
	EndGlobalSection
	GlobalSection(ProjectConfigurationPlatforms) = postSolution
		{62C7AA93-C368-449E-B303-7421E7C54595}.Debug|Any CPU.ActiveCfg = Debug|Any CPU
		{62C7AA93-C368-449E-B303-7421E7C54595}.Debug|Any CPU.Build.0 = Debug|Any CPU
		{62C7AA93-C368-449E-B303-7421E7C54595}.Release|Any CPU.ActiveCfg = Release|Any CPU
		{62C7AA93-C368-449E-B303-7421E7C54595}.Release|Any CPU.Build.0 = Release|Any CPU
	EndGlobalSection
	GlobalSection(SolutionProperties) = preSolution
		HideSolutionNode = FALSE
	EndGlobalSection
	GlobalSection(ExtensibilityGlobals) = postSolution
		SolutionGuid = {D693F7D3-8528-4C03-A114-2652DA9518C3}
	EndGlobalSection
EndGlobal
